
Microsoft Visual Studio Solution File, Format Version 12.00
# Visual Studio Version 17
VisualStudioVersion = 17.9.34728.123
MinimumVisualStudioVersion = 10.0.40219.1
Project("{FAE04EC0-301F-11D3-BF4B-00C04F79EFBC}") = "IParcial_Prog5_Bingo", "IParcial_Prog5_Bingo.csproj", "{1450BEDB-C7BA-452E-9B14-D080C31D3334}"
EndProject
Global
	GlobalSection(SolutionConfigurationPlatforms) = preSolution
		Debug|Any CPU = Debug|Any CPU
		Release|Any CPU = Release|Any CPU
	EndGlobalSection
	GlobalSection(ProjectConfigurationPlatforms) = postSolution
		{1450BEDB-C7BA-452E-9B14-D080C31D3334}.Debug|Any CPU.ActiveCfg = Debug|Any CPU
		{1450BEDB-C7BA-452E-9B14-D080C31D3334}.Debug|Any CPU.Build.0 = Debug|Any CPU
		{1450BEDB-C7BA-452E-9B14-D080C31D3334}.Release|Any CPU.ActiveCfg = Release|Any CPU
		{1450BEDB-C7BA-452E-9B14-D080C31D3334}.Release|Any CPU.Build.0 = Release|Any CPU
	EndGlobalSection
	GlobalSection(SolutionProperties) = preSolution
		HideSolutionNode = FALSE
	EndGlobalSection
	GlobalSection(ExtensibilityGlobals) = postSolution
		SolutionGuid = {1BEC7772-8710-4AAD-88D6-844BB693B5E2}
	EndGlobalSection
EndGlobal
